
Microsoft Visual Studio Solution File, Format Version 12.00
# Visual Studio Version 17
VisualStudioVersion = 17.5.33414.496
MinimumVisualStudioVersion = 10.0.40219.1
Project("{FAE04EC0-301F-11D3-BF4B-00C04F79EFBC}") = "ejercicio 2 guia 4", "ejercicio 2 guia 4\ejercicio 2 guia 4.csproj", "{673B72EA-2D47-4CC5-9447-CA8D3061906B}"
EndProject
Global
	GlobalSection(SolutionConfigurationPlatforms) = preSolution
		Debug|Any CPU = Debug|Any CPU
		Release|Any CPU = Release|Any CPU
	EndGlobalSection
	GlobalSection(ProjectConfigurationPlatforms) = postSolution
		{673B72EA-2D47-4CC5-9447-CA8D3061906B}.Debug|Any CPU.ActiveCfg = Debug|Any CPU
		{673B72EA-2D47-4CC5-9447-CA8D3061906B}.Debug|Any CPU.Build.0 = Debug|Any CPU
		{673B72EA-2D47-4CC5-9447-CA8D3061906B}.Release|Any CPU.ActiveCfg = Release|Any CPU
		{673B72EA-2D47-4CC5-9447-CA8D3061906B}.Release|Any CPU.Build.0 = Release|Any CPU
	EndGlobalSection
	GlobalSection(SolutionProperties) = preSolution
		HideSolutionNode = FALSE
	EndGlobalSection
	GlobalSection(ExtensibilityGlobals) = postSolution
		SolutionGuid = {D18FEF69-24E6-46CE-B8DE-1B2D68B551A8}
	EndGlobalSection
EndGlobal
